Microsoft Visual Studio Solution File, Format Version 12.00
# Visual Studio 14
VisualStudioVersion = 14.0.22823.1
MinimumVisualStudioVersion = 10.0.40219.1
Project("{FAE04EC0-301F-11D3-BF4B-00C04F79EFBC}") = "WordFindPuzzle", "WordFindPuzzle\WordFindPuzzle.csproj", "{2E15ED74-46C7-48FF-BFCF-C1DAD8AE8A30}"
EndProject
Project("{FAE04EC0-301F-11D3-BF4B-00C04F79EFBC}") = "WordFindPuzzleTests", "WordFinePuzzleTests\WordFindPuzzleTests.csproj", "{0948414D-C0B8-4CB4-A33D-87C37770DB35}"
EndProject
Project("{FAE04EC0-301F-11D3-BF4B-00C04F79EFBC}") = "WordFindPuzzleLibrary", "WordFindPuzzleLibrary\WordFindPuzzleLibrary.csproj", "{2DC6CF29-F178-4739-BD79-2E73346D52A2}"
EndProject
Global
	GlobalSection(SolutionConfigurationPlatforms) = preSolution
		Debug|Any CPU = Debug|Any CPU
		Release|Any CPU = Release|Any CPU
	EndGlobalSection
	GlobalSection(ProjectConfigurationPlatforms) = postSolution
		{2E15ED74-46C7-48FF-BFCF-C1DAD8AE8A30}.Debug|Any CPU.ActiveCfg = Debug|Any CPU
		{2E15ED74-46C7-48FF-BFCF-C1DAD8AE8A30}.Debug|Any CPU.Build.0 = Debug|Any CPU
		{2E15ED74-46C7-48FF-BFCF-C1DAD8AE8A30}.Release|Any CPU.ActiveCfg = Release|Any CPU
		{2E15ED74-46C7-48FF-BFCF-C1DAD8AE8A30}.Release|Any CPU.Build.0 = Release|Any CPU
		{0948414D-C0B8-4CB4-A33D-87C37770DB35}.Debug|Any CPU.ActiveCfg = Debug|Any CPU
		{0948414D-C0B8-4CB4-A33D-87C37770DB35}.Debug|Any CPU.Build.0 = Debug|Any CPU
		{0948414D-C0B8-4CB4-A33D-87C37770DB35}.Release|Any CPU.ActiveCfg = Release|Any CPU
		{0948414D-C0B8-4CB4-A33D-87C37770DB35}.Release|Any CPU.Build.0 = Release|Any CPU
		{2DC6CF29-F178-4739-BD79-2E73346D52A2}.Debug|Any CPU.ActiveCfg = Debug|Any CPU
		{2DC6CF29-F178-4739-BD79-2E73346D52A2}.Debug|Any CPU.Build.0 = Debug|Any CPU
		{2DC6CF29-F178-4739-BD79-2E73346D52A2}.Release|Any CPU.ActiveCfg = Release|Any CPU
		{2DC6CF29-F178-4739-BD79-2E73346D52A2}.Release|Any CPU.Build.0 = Release|Any CPU
	EndGlobalSection
	GlobalSection(SolutionProperties) = preSolution
		HideSolutionNode = FALSE
	EndGlobalSection
EndGlobal
